
Microsoft Visual Studio Solution File, Format Version 12.00
# Visual Studio Version 17
VisualStudioVersion = 17.10.34916.146
MinimumVisualStudioVersion = 10.0.40219.1
Project("{FAE04EC0-301F-11D3-BF4B-00C04F79EFBC}") = "ArabaSatisSistesi", "ArabaSatisSistesi\ArabaSatisSistesi.csproj", "{55DA7537-13A0-419E-B28D-F8A79D4BDDB0}"
EndProject
Global
	GlobalSection(SolutionConfigurationPlatforms) = preSolution
		Debug|Any CPU = Debug|Any CPU
		Release|Any CPU = Release|Any CPU
	EndGlobalSection
	GlobalSection(ProjectConfigurationPlatforms) = postSolution
		{55DA7537-13A0-419E-B28D-F8A79D4BDDB0}.Debug|Any CPU.ActiveCfg = Debug|Any CPU
		{55DA7537-13A0-419E-B28D-F8A79D4BDDB0}.Debug|Any CPU.Build.0 = Debug|Any CPU
		{55DA7537-13A0-419E-B28D-F8A79D4BDDB0}.Release|Any CPU.ActiveCfg = Release|Any CPU
		{55DA7537-13A0-419E-B28D-F8A79D4BDDB0}.Release|Any CPU.Build.0 = Release|Any CPU
	EndGlobalSection
	GlobalSection(SolutionProperties) = preSolution
		HideSolutionNode = FALSE
	EndGlobalSection
	GlobalSection(ExtensibilityGlobals) = postSolution
		SolutionGuid = {4C6EFF40-C709-4D34-8FA1-84B97FFDE236}
	EndGlobalSection
EndGlobal
